
Microsoft Visual Studio Solution File, Format Version 12.00
# Visual Studio Version 16
VisualStudioVersion = 16.0.30413.136
MinimumVisualStudioVersion = 10.0.40219.1
Project("{FAE04EC0-301F-11D3-BF4B-00C04F79EFBC}") = "10string_methode", "10string_methode.csproj", "{3F61BE7B-271A-4B72-ADB6-356AC7A0AE18}"
EndProject
Global
	GlobalSection(SolutionConfigurationPlatforms) = preSolution
		Debug|Any CPU = Debug|Any CPU
		Release|Any CPU = Release|Any CPU
	EndGlobalSection
	GlobalSection(ProjectConfigurationPlatforms) = postSolution
		{3F61BE7B-271A-4B72-ADB6-356AC7A0AE18}.Debug|Any CPU.ActiveCfg = Debug|Any CPU
		{3F61BE7B-271A-4B72-ADB6-356AC7A0AE18}.Debug|Any CPU.Build.0 = Debug|Any CPU
		{3F61BE7B-271A-4B72-ADB6-356AC7A0AE18}.Release|Any CPU.ActiveCfg = Release|Any CPU
		{3F61BE7B-271A-4B72-ADB6-356AC7A0AE18}.Release|Any CPU.Build.0 = Release|Any CPU
	EndGlobalSection
	GlobalSection(SolutionProperties) = preSolution
		HideSolutionNode = FALSE
	EndGlobalSection
	GlobalSection(ExtensibilityGlobals) = postSolution
		SolutionGuid = {307C3DDD-6E3A-40EA-A2F8-8C3EDD05214C}
	EndGlobalSection
EndGlobal
