
Microsoft Visual Studio Solution File, Format Version 12.00
# Visual Studio Version 16
VisualStudioVersion = 16.0.30413.136
MinimumVisualStudioVersion = 10.0.40219.1
Project("{FAE04EC0-301F-11D3-BF4B-00C04F79EFBC}") = "16Methoden", "16Methoden.csproj", "{9DB1931E-E8FE-4E49-9DA0-B67975F645B9}"
EndProject
Global
	GlobalSection(SolutionConfigurationPlatforms) = preSolution
		Debug|Any CPU = Debug|Any CPU
		Release|Any CPU = Release|Any CPU
	EndGlobalSection
	GlobalSection(ProjectConfigurationPlatforms) = postSolution
		{9DB1931E-E8FE-4E49-9DA0-B67975F645B9}.Debug|Any CPU.ActiveCfg = Debug|Any CPU
		{9DB1931E-E8FE-4E49-9DA0-B67975F645B9}.Debug|Any CPU.Build.0 = Debug|Any CPU
		{9DB1931E-E8FE-4E49-9DA0-B67975F645B9}.Release|Any CPU.ActiveCfg = Release|Any CPU
		{9DB1931E-E8FE-4E49-9DA0-B67975F645B9}.Release|Any CPU.Build.0 = Release|Any CPU
	EndGlobalSection
	GlobalSection(SolutionProperties) = preSolution
		HideSolutionNode = FALSE
	EndGlobalSection
	GlobalSection(ExtensibilityGlobals) = postSolution
		SolutionGuid = {48CE6EB7-D34E-4597-9F7A-89965A47F3F0}
	EndGlobalSection
EndGlobal
