
Microsoft Visual Studio Solution File, Format Version 12.00
# Visual Studio Version 16
VisualStudioVersion = 16.0.30413.136
MinimumVisualStudioVersion = 10.0.40219.1
Project("{FAE04EC0-301F-11D3-BF4B-00C04F79EFBC}") = "11ArbeitsauftragString", "11ArbeitsauftragString.csproj", "{2A2593C3-899F-4BC1-BD16-926F09A6F393}"
EndProject
Global
	GlobalSection(SolutionConfigurationPlatforms) = preSolution
		Debug|Any CPU = Debug|Any CPU
		Release|Any CPU = Release|Any CPU
	EndGlobalSection
	GlobalSection(ProjectConfigurationPlatforms) = postSolution
		{2A2593C3-899F-4BC1-BD16-926F09A6F393}.Debug|Any CPU.ActiveCfg = Debug|Any CPU
		{2A2593C3-899F-4BC1-BD16-926F09A6F393}.Debug|Any CPU.Build.0 = Debug|Any CPU
		{2A2593C3-899F-4BC1-BD16-926F09A6F393}.Release|Any CPU.ActiveCfg = Release|Any CPU
		{2A2593C3-899F-4BC1-BD16-926F09A6F393}.Release|Any CPU.Build.0 = Release|Any CPU
	EndGlobalSection
	GlobalSection(SolutionProperties) = preSolution
		HideSolutionNode = FALSE
	EndGlobalSection
	GlobalSection(ExtensibilityGlobals) = postSolution
		SolutionGuid = {98943150-05CA-487B-A97E-D8C49B74D7E3}
	EndGlobalSection
EndGlobal
